PODS:
  - SkyFloatingLabelTextField (4.0.0)
  - SwiftLint (0.43.1)

DEPENDENCIES:
  - SkyFloatingLabelTextField (= 4.0.0)
  - SwiftLint (= 0.43.1)

SPEC REPOS:
  trunk:
    - SkyFloatingLabelTextField
    - SwiftLint

SPEC CHECKSUMS:
  SkyFloatingLabelTextField: 79ddc40e4ad59707fedbb48d605417aee48bb78a
  SwiftLint: 99f82d07b837b942dd563c668de129a03fc3fb52

PODFILE CHECKSUM: ff365456ac9e30eb619c6eeae7f765fa2c8f13c9

COCOAPODS: 1.10.1
