// !$*UTF8*$!
{
	archiveVersion = 1;
	classes = {
	};
	objectVersion = 51;
	objects = {

/* Begin PBXBuildFile section */
		BD1E3429FA54897EBC26913B /* Pods_StudyApp.framework in Frameworks */ = {isa = PBXBuildFile; fileRef = 8B7BB329C5FEFDD56CEF9CF6 /* Pods_StudyApp.framework */; };
		CE5B99622631AF2200625C38 /* UIButtonExtensions.swift in Sources */ = {isa = PBXBuildFile; fileRef = CE5B99612631AF2100625C38 /* UIButtonExtensions.swift */; };
		CE5B99672631B2C600625C38 /* SignInVC.swift in Sources */ = {isa = PBXBuildFile; fileRef = CE5B99662631B2C600625C38 /* SignInVC.swift */; };
		CE69C7F826314385001656CB /* AppDelegate.swift in Sources */ = {isa = PBXBuildFile; fileRef = CE69C7F726314385001656CB /* AppDelegate.swift */; };
		CE69C7FA26314385001656CB /* SceneDelegate.swift in Sources */ = {isa = PBXBuildFile; fileRef = CE69C7F926314385001656CB /* SceneDelegate.swift */; };
		CE69C7FF26314385001656CB /* SignIn.storyboard in Resources */ = {isa = PBXBuildFile; fileRef = CE69C7FD26314385001656CB /* SignIn.storyboard */; };
		CE69C80226314385001656CB /* StudyApp.xcdatamodeld in Sources */ = {isa = PBXBuildFile; fileRef = CE69C80026314385001656CB /* StudyApp.xcdatamodeld */; };
		CE69C80426314387001656CB /* Assets.xcassets in Resources */ = {isa = PBXBuildFile; fileRef = CE69C80326314387001656CB /* Assets.xcassets */; };
		CE69C80726314387001656CB /* LaunchScreen.storyboard in Resources */ = {isa = PBXBuildFile; fileRef = CE69C80526314387001656CB /* LaunchScreen.storyboard */; };
		CEED04FC26316196008AC20B /* Main.storyboard in Resources */ = {isa = PBXBuildFile; fileRef = CEED04FB26316196008AC20B /* Main.storyboard */; };
		CEED04FF263161AB008AC20B /* MainVC.swift in Sources */ = {isa = PBXBuildFile; fileRef = CEED04FE263161AB008AC20B /* MainVC.swift */; };
/* End PBXBuildFile section */

/* Begin PBXFileReference section */
		581475F1D49FD75E5286F42B /* Pods-StudyApp.debug.xcconfig */ = {isa = PBXFileReference; includeInIndex = 1; lastKnownFileType = text.xcconfig; name = "Pods-StudyApp.debug.xcconfig"; path = "Target Support Files/Pods-StudyApp/Pods-StudyApp.debug.xcconfig"; sourceTree = "<group>"; };
		8B7BB329C5FEFDD56CEF9CF6 /* Pods_StudyApp.framework */ = {isa = PBXFileReference; explicitFileType = wrapper.framework; includeInIndex = 0; path = Pods_StudyApp.framework; sourceTree = BUILT_PRODUCTS_DIR; };
		CE5B99612631AF2100625C38 /* UIButtonExtensions.swift */ = {isa = PBXFileReference; lastKnownFileType = sourcecode.swift; path = UIButtonExtensions.swift; sourceTree = "<group>"; };
		CE5B99662631B2C600625C38 /* SignInVC.swift */ = {isa = PBXFileReference; lastKnownFileType = sourcecode.swift; path = SignInVC.swift; sourceTree = "<group>"; };
		CE69C7F426314385001656CB /* StudyApp.app */ = {isa = PBXFileReference; explicitFileType = wrapper.application; includeInIndex = 0; path = StudyApp.app; sourceTree = BUILT_PRODUCTS_DIR; };
		CE69C7F726314385001656CB /* AppDelegate.swift */ = {isa = PBXFileReference; lastKnownFileType = sourcecode.swift; path = AppDelegate.swift; sourceTree = "<group>"; };
		CE69C7F926314385001656CB /* SceneDelegate.swift */ = {isa = PBXFileReference; lastKnownFileType = sourcecode.swift; path = SceneDelegate.swift; sourceTree = "<group>"; };
		CE69C7FE26314385001656CB /* Base */ = {isa = PBXFileReference; lastKnownFileType = file.storyboard; name = Base; path = Base.lproj/SignIn.storyboard; sourceTree = "<group>"; };
		CE69C80126314385001656CB /* StudyApp.xcdatamodel */ = {isa = PBXFileReference; lastKnownFileType = wrapper.xcdatamodel; path = StudyApp.xcdatamodel; sourceTree = "<group>"; };
		CE69C80326314387001656CB /* Assets.xcassets */ = {isa = PBXFileReference; lastKnownFileType = folder.assetcatalog; path = Assets.xcassets; sourceTree = "<group>"; };
		CE69C80626314387001656CB /* Base */ = {isa = PBXFileReference; lastKnownFileType = file.storyboard; name = Base; path = Base.lproj/LaunchScreen.storyboard; sourceTree = "<group>"; };
		CE69C80826314387001656CB /* Info.plist */ = {isa = PBXFileReference; lastKnownFileType = text.plist.xml; path = Info.plist; sourceTree = "<group>"; };
		CEED04FB26316196008AC20B /* Main.storyboard */ = {isa = PBXFileReference; lastKnownFileType = file.storyboard; path = Main.storyboard; sourceTree = "<group>"; };
		CEED04FE263161AB008AC20B /* MainVC.swift */ = {isa = PBXFileReference; lastKnownFileType = sourcecode.swift; path = MainVC.swift; sourceTree = "<group>"; };
		DE39D048EB4520A585FAD5FE /* Pods-StudyApp.release.xcconfig */ = {isa = PBXFileReference; includeInIndex = 1; lastKnownFileType = text.xcconfig; name = "Pods-StudyApp.release.xcconfig"; path = "Target Support Files/Pods-StudyApp/Pods-StudyApp.release.xcconfig"; sourceTree = "<group>"; };
/* End PBXFileReference section */

/* Begin PBXFrameworksBuildPhase section */
		CE69C7F126314385001656CB /* Frameworks */ = {
			isa = PBXFrameworksBuildPhase;
			buildActionMask = 2147483647;
			files = (
				BD1E3429FA54897EBC26913B /* Pods_StudyApp.framework in Frameworks */,
			);
			runOnlyForDeploymentPostprocessing = 0;
		};
/* End PBXFrameworksBuildPhase section */

/* Begin PBXGroup section */
		CE5B995F2631AEFC00625C38 /* Utils */ = {
			isa = PBXGroup;
			children = (
				CE5B99602631AF0D00625C38 /* Extensions */,
			);
			path = Utils;
			sourceTree = "<group>";
		};
		CE5B99602631AF0D00625C38 /* Extensions */ = {
			isa = PBXGroup;
			children = (
				CE5B99612631AF2100625C38 /* UIButtonExtensions.swift */,
			);
			path = Extensions;
			sourceTree = "<group>";
		};
		CE69C7EB26314385001656CB = {
			isa = PBXGroup;
			children = (
				CE69C7F626314385001656CB /* StudyApp */,
				CE69C7F526314385001656CB /* Products */,
				D22491D837C2D04297A8C78C /* Pods */,
				EF2564B2CD3FBAE3420BCAD4 /* Frameworks */,
			);
			sourceTree = "<group>";
		};
		CE69C7F526314385001656CB /* Products */ = {
			isa = PBXGroup;
			children = (
				CE69C7F426314385001656CB /* StudyApp.app */,
			);
			name = Products;
			sourceTree = "<group>";
		};
		CE69C7F626314385001656CB /* StudyApp */ = {
			isa = PBXGroup;
			children = (
				CE69C80826314387001656CB /* Info.plist */,
				CE69C81726314A02001656CB /* Application */,
				CE69C81926314A9E001656CB /* CoreData */,
				CE69C81A26314ACF001656CB /* Modules */,
				CE69C81826314A5C001656CB /* Resources */,
				CE5B995F2631AEFC00625C38 /* Utils */,
			);
			path = StudyApp;
			sourceTree = "<group>";
		};
		CE69C81726314A02001656CB /* Application */ = {
			isa = PBXGroup;
			children = (
				CE69C7F726314385001656CB /* AppDelegate.swift */,
				CE69C7F926314385001656CB /* SceneDelegate.swift */,
			);
			path = Application;
			sourceTree = "<group>";
		};
		CE69C81826314A5C001656CB /* Resources */ = {
			isa = PBXGroup;
			children = (
				CE69C80326314387001656CB /* Assets.xcassets */,
			);
			path = Resources;
			sourceTree = "<group>";
		};
		CE69C81926314A9E001656CB /* CoreData */ = {
			isa = PBXGroup;
			children = (
				CE69C80026314385001656CB /* StudyApp.xcdatamodeld */,
			);
			path = CoreData;
			sourceTree = "<group>";
		};
		CE69C81A26314ACF001656CB /* Modules */ = {
			isa = PBXGroup;
			children = (
				CE69C80526314387001656CB /* LaunchScreen.storyboard */,
				CE69C81B26314B25001656CB /* SignIn */,
				CEED04FA263160E9008AC20B /* TabBar */,
			);
			path = Modules;
			sourceTree = "<group>";
		};
		CE69C81B26314B25001656CB /* SignIn */ = {
			isa = PBXGroup;
			children = (
				CE69C7FD26314385001656CB /* SignIn.storyboard */,
				CE5B99662631B2C600625C38 /* SignInVC.swift */,
			);
			path = SignIn;
			sourceTree = "<group>";
		};
		CEED04FA263160E9008AC20B /* TabBar */ = {
			isa = PBXGroup;
			children = (
				CEED04FB26316196008AC20B /* Main.storyboard */,
				CEED04FE263161AB008AC20B /* MainVC.swift */,
			);
			path = TabBar;
			sourceTree = "<group>";
		};
		D22491D837C2D04297A8C78C /* Pods */ = {
			isa = PBXGroup;
			children = (
				581475F1D49FD75E5286F42B /* Pods-StudyApp.debug.xcconfig */,
				DE39D048EB4520A585FAD5FE /* Pods-StudyApp.release.xcconfig */,
			);
			path = Pods;
			sourceTree = "<group>";
		};
		EF2564B2CD3FBAE3420BCAD4 /* Frameworks */ = {
			isa = PBXGroup;
			children = (
				8B7BB329C5FEFDD56CEF9CF6 /* Pods_StudyApp.framework */,
			);
			name = Frameworks;
			sourceTree = "<group>";
		};
/* End PBXGroup section */

/* Begin PBXNativeTarget section */
		CE69C7F326314385001656CB /* StudyApp */ = {
			isa = PBXNativeTarget;
			buildConfigurationList = CE69C80B26314387001656CB /* Build configuration list for PBXNativeTarget "StudyApp" */;
			buildPhases = (
				9086B439EBB4B7CBFEAC420A /* [CP] Check Pods Manifest.lock */,
				CE69C814263148B2001656CB /* Run Script */,
				CE69C7F026314385001656CB /* Sources */,
				CE69C7F126314385001656CB /* Frameworks */,
				CE69C7F226314385001656CB /* Resources */,
				565F6BB8F80665218AE4F6F7 /* [CP] Embed Pods Frameworks */,
			);
			buildRules = (
			);
			dependencies = (
			);
			name = StudyApp;
			productName = StudyApp;
			productReference = CE69C7F426314385001656CB /* StudyApp.app */;
			productType = "com.apple.product-type.application";
		};
/* End PBXNativeTarget section */

/* Begin PBXProject section */
		CE69C7EC26314385001656CB /* Project object */ = {
			isa = PBXProject;
			attributes = {
				LastSwiftUpdateCheck = 1240;
				LastUpgradeCheck = 1240;
				TargetAttributes = {
					CE69C7F326314385001656CB = {
						CreatedOnToolsVersion = 12.4;
					};
				};
			};
			buildConfigurationList = CE69C7EF26314385001656CB /* Build configuration list for PBXProject "StudyApp" */;
			compatibilityVersion = "Xcode 9.3";
			developmentRegion = en;
			hasScannedForEncodings = 0;
			knownRegions = (
				en,
				Base,
			);
			mainGroup = CE69C7EB26314385001656CB;
			productRefGroup = CE69C7F526314385001656CB /* Products */;
			projectDirPath = "";
			projectRoot = "";
			targets = (
				CE69C7F326314385001656CB /* StudyApp */,
			);
		};
/* End PBXProject section */

/* Begin PBXResourcesBuildPhase section */
		CE69C7F226314385001656CB /* Resources */ = {
			isa = PBXResourcesBuildPhase;
			buildActionMask = 2147483647;
			files = (
				CE69C80726314387001656CB /* LaunchScreen.storyboard in Resources */,
				CE69C80426314387001656CB /* Assets.xcassets in Resources */,
				CE69C7FF26314385001656CB /* SignIn.storyboard in Resources */,
				CEED04FC26316196008AC20B /* Main.storyboard in Resources */,
			);
			runOnlyForDeploymentPostprocessing = 0;
		};
/* End PBXResourcesBuildPhase section */

/* Begin PBXShellScriptBuildPhase section */
		565F6BB8F80665218AE4F6F7 /* [CP] Embed Pods Frameworks */ = {
			isa = PBXShellScriptBuildPhase;
			buildActionMask = 2147483647;
			files = (
			);
			inputFileListPaths = (
				"${PODS_ROOT}/Target Support Files/Pods-StudyApp/Pods-StudyApp-frameworks-${CONFIGURATION}-input-files.xcfilelist",
			);
			name = "[CP] Embed Pods Frameworks";
			outputFileListPaths = (
				"${PODS_ROOT}/Target Support Files/Pods-StudyApp/Pods-StudyApp-frameworks-${CONFIGURATION}-output-files.xcfilelist",
			);
			runOnlyForDeploymentPostprocessing = 0;
			shellPath = /bin/sh;
			shellScript = "\"${PODS_ROOT}/Target Support Files/Pods-StudyApp/Pods-StudyApp-frameworks.sh\"\n";
			showEnvVarsInLog = 0;
		};
		9086B439EBB4B7CBFEAC420A /* [CP] Check Pods Manifest.lock */ = {
			isa = PBXShellScriptBuildPhase;
			buildActionMask = 2147483647;
			files = (
			);
			inputFileListPaths = (
			);
			inputPaths = (
				"${PODS_PODFILE_DIR_PATH}/Podfile.lock",
				"${PODS_ROOT}/Manifest.lock",
			);
			name = "[CP] Check Pods Manifest.lock";
			outputFileListPaths = (
			);
			outputPaths = (
				"$(DERIVED_FILE_DIR)/Pods-StudyApp-checkManifestLockResult.txt",
			);
			runOnlyForDeploymentPostprocessing = 0;
			shellPath = /bin/sh;
			shellScript = "diff \"${PODS_PODFILE_DIR_PATH}/Podfile.lock\" \"${PODS_ROOT}/Manifest.lock\" > /dev/null\nif [ $? != 0 ] ; then\n    # print error to STDERR\n    echo \"error: The sandbox is not in sync with the Podfile.lock. Run 'pod install' or update your CocoaPods installation.\" >&2\n    exit 1\nfi\n# This output is used by Xcode 'outputs' to avoid re-running this script phase.\necho \"SUCCESS\" > \"${SCRIPT_OUTPUT_FILE_0}\"\n";
			showEnvVarsInLog = 0;
		};
		CE69C814263148B2001656CB /* Run Script */ = {
			isa = PBXShellScriptBuildPhase;
			buildActionMask = 2147483647;
			files = (
			);
			inputFileListPaths = (
			);
			inputPaths = (
			);
			name = "Run Script";
			outputFileListPaths = (
			);
			outputPaths = (
			);
			runOnlyForDeploymentPostprocessing = 0;
			shellPath = /bin/sh;
			shellScript = "${PODS_ROOT}/SwiftLint/swiftlint\n";
		};
/* End PBXShellScriptBuildPhase section */

/* Begin PBXSourcesBuildPhase section */
		CE69C7F026314385001656CB /* Sources */ = {
			isa = PBXSourcesBuildPhase;
			buildActionMask = 2147483647;
			files = (
				CEED04FF263161AB008AC20B /* MainVC.swift in Sources */,
				CE69C7F826314385001656CB /* AppDelegate.swift in Sources */,
				CE5B99672631B2C600625C38 /* SignInVC.swift in Sources */,
				CE69C7FA26314385001656CB /* SceneDelegate.swift in Sources */,
				CE5B99622631AF2200625C38 /* UIButtonExtensions.swift in Sources */,
				CE69C80226314385001656CB /* StudyApp.xcdatamodeld in Sources */,
			);
			runOnlyForDeploymentPostprocessing = 0;
		};
/* End PBXSourcesBuildPhase section */

/* Begin PBXVariantGroup section */
		CE69C7FD26314385001656CB /* SignIn.storyboard */ = {
			isa = PBXVariantGroup;
			children = (
				CE69C7FE26314385001656CB /* Base */,
			);
			name = SignIn.storyboard;
			sourceTree = "<group>";
		};
		CE69C80526314387001656CB /* LaunchScreen.storyboard */ = {
			isa = PBXVariantGroup;
			children = (
				CE69C80626314387001656CB /* Base */,
			);
			name = LaunchScreen.storyboard;
			sourceTree = "<group>";
		};
/* End PBXVariantGroup section */

/* Begin XCBuildConfiguration section */
		CE69C80926314387001656CB /* Debug */ = {
			isa = XCBuildConfiguration;
			buildSettings = {
				ALWAYS_SEARCH_USER_PATHS = NO;
				CLANG_ANALYZER_NONNULL = YES;
				CLANG_ANALYZER_NUMBER_OBJECT_CONVERSION = YES_AGGRESSIVE;
				CLANG_CXX_LANGUAGE_STANDARD = "gnu++14";
				CLANG_CXX_LIBRARY = "libc++";
				CLANG_ENABLE_MODULES = YES;
				CLANG_ENABLE_OBJC_ARC = YES;
				CLANG_ENABLE_OBJC_WEAK = YES;
				CLANG_WARN_BLOCK_CAPTURE_AUTORELEASING = YES;
				CLANG_WARN_BOOL_CONVERSION = YES;
				CLANG_WARN_COMMA = YES;
				CLANG_WARN_CONSTANT_CONVERSION = YES;
				CLANG_WARN_DEPRECATED_OBJC_IMPLEMENTATIONS = YES;
				CLANG_WARN_DIRECT_OBJC_ISA_USAGE = YES_ERROR;
				CLANG_WARN_DOCUMENTATION_COMMENTS = YES;
				CLANG_WARN_EMPTY_BODY = YES;
				CLANG_WARN_ENUM_CONVERSION = YES;
				CLANG_WARN_INFINITE_RECURSION = YES;
				CLANG_WARN_INT_CONVERSION = YES;
				CLANG_WARN_NON_LITERAL_NULL_CONVERSION = YES;
				CLANG_WARN_OBJC_IMPLICIT_RETAIN_SELF = YES;
				CLANG_WARN_OBJC_LITERAL_CONVERSION = YES;
				CLANG_WARN_OBJC_ROOT_CLASS = YES_ERROR;
				CLANG_WARN_QUOTED_INCLUDE_IN_FRAMEWORK_HEADER = YES;
				CLANG_WARN_RANGE_LOOP_ANALYSIS = YES;
				CLANG_WARN_STRICT_PROTOTYPES = YES;
				CLANG_WARN_SUSPICIOUS_MOVE = YES;
				CLANG_WARN_UNGUARDED_AVAILABILITY = YES_AGGRESSIVE;
				CLANG_WARN_UNREACHABLE_CODE = YES;
				CLANG_WARN__DUPLICATE_METHOD_MATCH = YES;
				COPY_PHASE_STRIP = NO;
				DEBUG_INFORMATION_FORMAT = dwarf;
				ENABLE_STRICT_OBJC_MSGSEND = YES;
				ENABLE_TESTABILITY = YES;
				GCC_C_LANGUAGE_STANDARD = gnu11;
				GCC_DYNAMIC_NO_PIC = NO;
				GCC_NO_COMMON_BLOCKS = YES;
				GCC_OPTIMIZATION_LEVEL = 0;
				GCC_PREPROCESSOR_DEFINITIONS = (
					"DEBUG=1",
					"$(inherited)",
				);
				GCC_WARN_64_TO_32_BIT_CONVERSION = YES;
				GCC_WARN_ABOUT_RETURN_TYPE = YES_ERROR;
				GCC_WARN_UNDECLARED_SELECTOR = YES;
				GCC_WARN_UNINITIALIZED_AUTOS = YES_AGGRESSIVE;
				GCC_WARN_UNUSED_FUNCTION = YES;
				GCC_WARN_UNUSED_VARIABLE = YES;
				IPHONEOS_DEPLOYMENT_TARGET = 13.4;
				MTL_ENABLE_DEBUG_INFO = INCLUDE_SOURCE;
				MTL_FAST_MATH = YES;
				ONLY_ACTIVE_ARCH = YES;
				SDKROOT = iphoneos;
				SWIFT_ACTIVE_COMPILATION_CONDITIONS = DEBUG;
				SWIFT_OPTIMIZATION_LEVEL = "-Onone";
			};
			name = Debug;
		};
		CE69C80A26314387001656CB /* Release */ = {
			isa = XCBuildConfiguration;
			buildSettings = {
				ALWAYS_SEARCH_USER_PATHS = NO;
				CLANG_ANALYZER_NONNULL = YES;
				CLANG_ANALYZER_NUMBER_OBJECT_CONVERSION = YES_AGGRESSIVE;
				CLANG_CXX_LANGUAGE_STANDARD = "gnu++14";
				CLANG_CXX_LIBRARY = "libc++";
				CLANG_ENABLE_MODULES = YES;
				CLANG_ENABLE_OBJC_ARC = YES;
				CLANG_ENABLE_OBJC_WEAK = YES;
				CLANG_WARN_BLOCK_CAPTURE_AUTORELEASING = YES;
				CLANG_WARN_BOOL_CONVERSION = YES;
				CLANG_WARN_COMMA = YES;
				CLANG_WARN_CONSTANT_CONVERSION = YES;
				CLANG_WARN_DEPRECATED_OBJC_IMPLEMENTATIONS = YES;
				CLANG_WARN_DIRECT_OBJC_ISA_USAGE = YES_ERROR;
				CLANG_WARN_DOCUMENTATION_COMMENTS = YES;
				CLANG_WARN_EMPTY_BODY = YES;
				CLANG_WARN_ENUM_CONVERSION = YES;
				CLANG_WARN_INFINITE_RECURSION = YES;
				CLANG_WARN_INT_CONVERSION = YES;
				CLANG_WARN_NON_LITERAL_NULL_CONVERSION = YES;
				CLANG_WARN_OBJC_IMPLICIT_RETAIN_SELF = YES;
				CLANG_WARN_OBJC_LITERAL_CONVERSION = YES;
				CLANG_WARN_OBJC_ROOT_CLASS = YES_ERROR;
				CLANG_WARN_QUOTED_INCLUDE_IN_FRAMEWORK_HEADER = YES;
				CLANG_WARN_RANGE_LOOP_ANALYSIS = YES;
				CLANG_WARN_STRICT_PROTOTYPES = YES;
				CLANG_WARN_SUSPICIOUS_MOVE = YES;
				CLANG_WARN_UNGUARDED_AVAILABILITY = YES_AGGRESSIVE;
				CLANG_WARN_UNREACHABLE_CODE = YES;
				CLANG_WARN__DUPLICATE_METHOD_MATCH = YES;
				COPY_PHASE_STRIP = NO;
				DEBUG_INFORMATION_FORMAT = "dwarf-with-dsym";
				ENABLE_NS_ASSERTIONS = NO;
				ENABLE_STRICT_OBJC_MSGSEND = YES;
				GCC_C_LANGUAGE_STANDARD = gnu11;
				GCC_NO_COMMON_BLOCKS = YES;
				GCC_WARN_64_TO_32_BIT_CONVERSION = YES;
				GCC_WARN_ABOUT_RETURN_TYPE = YES_ERROR;
				GCC_WARN_UNDECLARED_SELECTOR = YES;
				GCC_WARN_UNINITIALIZED_AUTOS = YES_AGGRESSIVE;
				GCC_WARN_UNUSED_FUNCTION = YES;
				GCC_WARN_UNUSED_VARIABLE = YES;
				IPHONEOS_DEPLOYMENT_TARGET = 13.4;
				MTL_ENABLE_DEBUG_INFO = NO;
				MTL_FAST_MATH = YES;
				SDKROOT = iphoneos;
				SWIFT_COMPILATION_MODE = wholemodule;
				SWIFT_OPTIMIZATION_LEVEL = "-O";
				VALIDATE_PRODUCT = YES;
			};
			name = Release;
		};
		CE69C80C26314387001656CB /* Debug */ = {
			isa = XCBuildConfiguration;
			baseConfigurationReference = 581475F1D49FD75E5286F42B /* Pods-StudyApp.debug.xcconfig */;
			buildSettings = {
				ASSETCATALOG_COMPILER_APPICON_NAME = AppIcon;
				ASSETCATALOG_COMPILER_GLOBAL_ACCENT_COLOR_NAME = AccentColor;
				CODE_SIGN_STYLE = Automatic;
				DEVELOPMENT_TEAM = FFWMQ7T85M;
				INFOPLIST_FILE = StudyApp/Info.plist;
				IPHONEOS_DEPLOYMENT_TARGET = 13.4;
				LD_RUNPATH_SEARCH_PATHS = (
					"$(inherited)",
					"@executable_path/Frameworks",
				);
				PRODUCT_BUNDLE_IDENTIFIER = com.chubakova.StudyApp;
				PRODUCT_NAME = "$(TARGET_NAME)";
				SWIFT_VERSION = 5.0;
				TARGETED_DEVICE_FAMILY = 1;
			};
			name = Debug;
		};
		CE69C80D26314387001656CB /* Release */ = {
			isa = XCBuildConfiguration;
			baseConfigurationReference = DE39D048EB4520A585FAD5FE /* Pods-StudyApp.release.xcconfig */;
			buildSettings = {
				ASSETCATALOG_COMPILER_APPICON_NAME = AppIcon;
				ASSETCATALOG_COMPILER_GLOBAL_ACCENT_COLOR_NAME = AccentColor;
				CODE_SIGN_STYLE = Automatic;
				DEVELOPMENT_TEAM = FFWMQ7T85M;
				INFOPLIST_FILE = StudyApp/Info.plist;
				IPHONEOS_DEPLOYMENT_TARGET = 13.4;
				LD_RUNPATH_SEARCH_PATHS = (
					"$(inherited)",
					"@executable_path/Frameworks",
				);
				PRODUCT_BUNDLE_IDENTIFIER = com.chubakova.StudyApp;
				PRODUCT_NAME = "$(TARGET_NAME)";
				SWIFT_VERSION = 5.0;
				TARGETED_DEVICE_FAMILY = 1;
			};
			name = Release;
		};
/* End XCBuildConfiguration section */

/* Begin XCConfigurationList section */
		CE69C7EF26314385001656CB /* Build configuration list for PBXProject "StudyApp" */ = {
			isa = XCConfigurationList;
			buildConfigurations = (
				CE69C80926314387001656CB /* Debug */,
				CE69C80A26314387001656CB /* Release */,
			);
			defaultConfigurationIsVisible = 0;
			defaultConfigurationName = Release;
		};
		CE69C80B26314387001656CB /* Build configuration list for PBXNativeTarget "StudyApp" */ = {
			isa = XCConfigurationList;
			buildConfigurations = (
				CE69C80C26314387001656CB /* Debug */,
				CE69C80D26314387001656CB /* Release */,
			);
			defaultConfigurationIsVisible = 0;
			defaultConfigurationName = Release;
		};
/* End XCConfigurationList section */

/* Begin XCVersionGroup section */
		CE69C80026314385001656CB /* StudyApp.xcdatamodeld */ = {
			isa = XCVersionGroup;
			children = (
				CE69C80126314385001656CB /* StudyApp.xcdatamodel */,
			);
			currentVersion = CE69C80126314385001656CB /* StudyApp.xcdatamodel */;
			path = StudyApp.xcdatamodeld;
			sourceTree = "<group>";
			versionGroupType = wrapper.xcdatamodel;
		};
/* End XCVersionGroup section */
	};
	rootObject = CE69C7EC26314385001656CB /* Project object */;
}
